// !$*UTF8*$!
{
	archiveVersion = 1;
	classes = {
	};
	objectVersion = 51;
	objects = {

/* Begin PBXBuildFile section */
		36F83ED1E1174CE3EFA11ADA /* Pods_mvvm_rxswift_mvvm_rxswiftUITests.framework in Frameworks */ = {isa = PBXBuildFile; fileRef = 0C86BB8D620C4B6F0B9D18B6 /* Pods_mvvm_rxswift_mvvm_rxswiftUITests.framework */; };
		4B12204FD7F03F083E0AA735 /* Pods_mvvm_rxswift.framework in Frameworks */ = {isa = PBXBuildFile; fileRef = E4B08FF323BB69C3054A1803 /* Pods_mvvm_rxswift.framework */; };
		85698C40963C7A809C30277F /* Pods_mvvm_rxswiftTests.framework in Frameworks */ = {isa = PBXBuildFile; fileRef = EB8141AF70B7F1D706896188 /* Pods_mvvm_rxswiftTests.framework */; };
		871E8D11251EF23E00CDAA60 /* AppDelegate.swift in Sources */ = {isa = PBXBuildFile; fileRef = 871E8D10251EF23E00CDAA60 /* AppDelegate.swift */; };
		871E8D13251EF23E00CDAA60 /* SceneDelegate.swift in Sources */ = {isa = PBXBuildFile; fileRef = 871E8D12251EF23E00CDAA60 /* SceneDelegate.swift */; };
		871E8D15251EF23E00CDAA60 /* HomeViewController.swift in Sources */ = {isa = PBXBuildFile; fileRef = 871E8D14251EF23E00CDAA60 /* HomeViewController.swift */; };
		871E8D18251EF23E00CDAA60 /* Home.storyboard in Resources */ = {isa = PBXBuildFile; fileRef = 871E8D16251EF23E00CDAA60 /* Home.storyboard */; };
		871E8D1A251EF23F00CDAA60 /* Assets.xcassets in Resources */ = {isa = PBXBuildFile; fileRef = 871E8D19251EF23F00CDAA60 /* Assets.xcassets */; };
		871E8D1D251EF23F00CDAA60 /* LaunchScreen.storyboard in Resources */ = {isa = PBXBuildFile; fileRef = 871E8D1B251EF23F00CDAA60 /* LaunchScreen.storyboard */; };
		871E8D28251EF23F00CDAA60 /* mvvm_rxswiftTests.swift in Sources */ = {isa = PBXBuildFile; fileRef = 871E8D27251EF23F00CDAA60 /* mvvm_rxswiftTests.swift */; };
		871E8D33251EF23F00CDAA60 /* mvvm_rxswiftUITests.swift in Sources */ = {isa = PBXBuildFile; fileRef = 871E8D32251EF23F00CDAA60 /* mvvm_rxswiftUITests.swift */; };
		871E8D47251EFEA000CDAA60 /* AlbumsCollectionViewController.swift in Sources */ = {isa = PBXBuildFile; fileRef = 871E8D46251EFEA000CDAA60 /* AlbumsCollectionViewController.swift */; };
		871E8D49251EFEB100CDAA60 /* TracksTableViewController.swift in Sources */ = {isa = PBXBuildFile; fileRef = 871E8D48251EFEB100CDAA60 /* TracksTableViewController.swift */; };
		871E8D4D251EFEE600CDAA60 /* TracksTableViewCell.swift in Sources */ = {isa = PBXBuildFile; fileRef = 871E8D4B251EFEE600CDAA60 /* TracksTableViewCell.swift */; };
		871E8D4E251EFEE600CDAA60 /* TracksTableViewCell.xib in Resources */ = {isa = PBXBuildFile; fileRef = 871E8D4C251EFEE600CDAA60 /* TracksTableViewCell.xib */; };
		871E8D51251EFF0900CDAA60 /* AlbumsCollectionViewCell.swift in Sources */ = {isa = PBXBuildFile; fileRef = 871E8D4F251EFF0900CDAA60 /* AlbumsCollectionViewCell.swift */; };
		871E8D52251EFF0900CDAA60 /* AlbumsCollectionViewCell.xib in Resources */ = {isa = PBXBuildFile; fileRef = 871E8D50251EFF0900CDAA60 /* AlbumsCollectionViewCell.xib */; };
		871E8D54251EFF9800CDAA60 /* Album.swift in Sources */ = {isa = PBXBuildFile; fileRef = 871E8D53251EFF9800CDAA60 /* Album.swift */; };
		871E8D56251F007B00CDAA60 /* Track.swift in Sources */ = {isa = PBXBuildFile; fileRef = 871E8D55251F007B00CDAA60 /* Track.swift */; };
		871E8D59251F024800CDAA60 /* Extensions.swift in Sources */ = {isa = PBXBuildFile; fileRef = 871E8D58251F024800CDAA60 /* Extensions.swift */; };
		871E8D5B251F028900CDAA60 /* ReactiveExtensions.swift in Sources */ = {isa = PBXBuildFile; fileRef = 871E8D5A251F028900CDAA60 /* ReactiveExtensions.swift */; };
		871E8D64251F02EF00CDAA60 /* AnimateloadingView.swift in Sources */ = {isa = PBXBuildFile; fileRef = 871E8D5D251F02EF00CDAA60 /* AnimateloadingView.swift */; };
		871E8D65251F02EF00CDAA60 /* LoadingView.xib in Resources */ = {isa = PBXBuildFile; fileRef = 871E8D5E251F02EF00CDAA60 /* LoadingView.xib */; };
		871E8D66251F02EF00CDAA60 /* LoadingViewable.swift in Sources */ = {isa = PBXBuildFile; fileRef = 871E8D5F251F02EF00CDAA60 /* LoadingViewable.swift */; };
		871E8D67251F02EF00CDAA60 /* loadingView.swift in Sources */ = {isa = PBXBuildFile; fileRef = 871E8D60251F02EF00CDAA60 /* loadingView.swift */; };
		871E8D68251F02EF00CDAA60 /* MessageView.xib in Resources */ = {isa = PBXBuildFile; fileRef = 871E8D62251F02EF00CDAA60 /* MessageView.xib */; };
		871E8D69251F02EF00CDAA60 /* MessageView.swift in Sources */ = {isa = PBXBuildFile; fileRef = 871E8D63251F02EF00CDAA60 /* MessageView.swift */; };
		871E8D6B251F031800CDAA60 /* Network.swift in Sources */ = {isa = PBXBuildFile; fileRef = 871E8D6A251F031800CDAA60 /* Network.swift */; };
		871E8D6D251F036000CDAA60 /* HomeViewModel.swift in Sources */ = {isa = PBXBuildFile; fileRef = 871E8D6C251F036000CDAA60 /* HomeViewModel.swift */; };
/* End PBXBuildFile section */

/* Begin PBXContainerItemProxy section */
		871E8D24251EF23F00CDAA60 /* PBXContainerItemProxy */ = {
			isa = PBXContainerItemProxy;
			containerPortal = 871E8D05251EF23E00CDAA60 /* Project object */;
			proxyType = 1;
			remoteGlobalIDString = 871E8D0C251EF23E00CDAA60;
			remoteInfo = "mvvm-rxswift";
		};
		871E8D2F251EF23F00CDAA60 /* PBXContainerItemProxy */ = {
			isa = PBXContainerItemProxy;
			containerPortal = 871E8D05251EF23E00CDAA60 /* Project object */;
			proxyType = 1;
			remoteGlobalIDString = 871E8D0C251EF23E00CDAA60;
			remoteInfo = "mvvm-rxswift";
		};
/* End PBXContainerItemProxy section */

/* Begin PBXFileReference section */
		0C86BB8D620C4B6F0B9D18B6 /* Pods_mvvm_rxswift_mvvm_rxswiftUITests.framework */ = {isa = PBXFileReference; explicitFileType = wrapper.framework; includeInIndex = 0; path = Pods_mvvm_rxswift_mvvm_rxswiftUITests.framework; sourceTree = BUILT_PRODUCTS_DIR; };
		40CA8CACE5BF092F79F866B8 /* Pods-mvvm-rxswift.debug.xcconfig */ = {isa = PBXFileReference; includeInIndex = 1; lastKnownFileType = text.xcconfig; name = "Pods-mvvm-rxswift.debug.xcconfig"; path = "Target Support Files/Pods-mvvm-rxswift/Pods-mvvm-rxswift.debug.xcconfig"; sourceTree = "<group>"; };
		8554AF0E0498E10B2DCCD610 /* Pods-mvvm-rxswift-mvvm-rxswiftUITests.debug.xcconfig */ = {isa = PBXFileReference; includeInIndex = 1; lastKnownFileType = text.xcconfig; name = "Pods-mvvm-rxswift-mvvm-rxswiftUITests.debug.xcconfig"; path = "Target Support Files/Pods-mvvm-rxswift-mvvm-rxswiftUITests/Pods-mvvm-rxswift-mvvm-rxswiftUITests.debug.xcconfig"; sourceTree = "<group>"; };
		871E8D0D251EF23E00CDAA60 /* mvvm-rxswift.app */ = {isa = PBXFileReference; explicitFileType = wrapper.application; includeInIndex = 0; path = "mvvm-rxswift.app"; sourceTree = BUILT_PRODUCTS_DIR; };
		871E8D10251EF23E00CDAA60 /* AppDelegate.swift */ = {isa = PBXFileReference; lastKnownFileType = sourcecode.swift; path = AppDelegate.swift; sourceTree = "<group>"; };
		871E8D12251EF23E00CDAA60 /* SceneDelegate.swift */ = {isa = PBXFileReference; lastKnownFileType = sourcecode.swift; path = SceneDelegate.swift; sourceTree = "<group>"; };
		871E8D14251EF23E00CDAA60 /* HomeViewController.swift */ = {isa = PBXFileReference; lastKnownFileType = sourcecode.swift; path = HomeViewController.swift; sourceTree = "<group>"; };
		871E8D17251EF23E00CDAA60 /* Base */ = {isa = PBXFileReference; lastKnownFileType = file.storyboard; name = Base; path = Base.lproj/Home.storyboard; sourceTree = "<group>"; };
		871E8D19251EF23F00CDAA60 /* Assets.xcassets */ = {isa = PBXFileReference; lastKnownFileType = folder.assetcatalog; path = Assets.xcassets; sourceTree = "<group>"; };
		871E8D1C251EF23F00CDAA60 /* Base */ = {isa = PBXFileReference; lastKnownFileType = file.storyboard; name = Base; path = Base.lproj/LaunchScreen.storyboard; sourceTree = "<group>"; };
		871E8D1E251EF23F00CDAA60 /* Info.plist */ = {isa = PBXFileReference; lastKnownFileType = text.plist.xml; path = Info.plist; sourceTree = "<group>"; };
		871E8D23251EF23F00CDAA60 /* mvvm-rxswiftTests.xctest */ = {isa = PBXFileReference; explicitFileType = wrapper.cfbundle; includeInIndex = 0; path = "mvvm-rxswiftTests.xctest"; sourceTree = BUILT_PRODUCTS_DIR; };
		871E8D27251EF23F00CDAA60 /* mvvm_rxswiftTests.swift */ = {isa = PBXFileReference; lastKnownFileType = sourcecode.swift; path = mvvm_rxswiftTests.swift; sourceTree = "<group>"; };
		871E8D29251EF23F00CDAA60 /* Info.plist */ = {isa = PBXFileReference; lastKnownFileType = text.plist.xml; path = Info.plist; sourceTree = "<group>"; };
		871E8D2E251EF23F00CDAA60 /* mvvm-rxswiftUITests.xctest */ = {isa = PBXFileReference; explicitFileType = wrapper.cfbundle; includeInIndex = 0; path = "mvvm-rxswiftUITests.xctest"; sourceTree = BUILT_PRODUCTS_DIR; };
		871E8D32251EF23F00CDAA60 /* mvvm_rxswiftUITests.swift */ = {isa = PBXFileReference; lastKnownFileType = sourcecode.swift; path = mvvm_rxswiftUITests.swift; sourceTree = "<group>"; };
		871E8D34251EF23F00CDAA60 /* Info.plist */ = {isa = PBXFileReference; lastKnownFileType = text.plist.xml; path = Info.plist; sourceTree = "<group>"; };
		871E8D46251EFEA000CDAA60 /* AlbumsCollectionViewController.swift */ = {isa = PBXFileReference; lastKnownFileType = sourcecode.swift; path = AlbumsCollectionViewController.swift; sourceTree = "<group>"; };
		871E8D48251EFEB100CDAA60 /* TracksTableViewController.swift */ = {isa = PBXFileReference; lastKnownFileType = sourcecode.swift; path = TracksTableViewController.swift; sourceTree = "<group>"; };
		871E8D4B251EFEE600CDAA60 /* TracksTableViewCell.swift */ = {isa = PBXFileReference; lastKnownFileType = sourcecode.swift; path = TracksTableViewCell.swift; sourceTree = "<group>"; };
		871E8D4C251EFEE600CDAA60 /* TracksTableViewCell.xib */ = {isa = PBXFileReference; lastKnownFileType = file.xib; path = TracksTableViewCell.xib; sourceTree = "<group>"; };
		871E8D4F251EFF0900CDAA60 /* AlbumsCollectionViewCell.swift */ = {isa = PBXFileReference; lastKnownFileType = sourcecode.swift; path = AlbumsCollectionViewCell.swift; sourceTree = "<group>"; };
		871E8D50251EFF0900CDAA60 /* AlbumsCollectionViewCell.xib */ = {isa = PBXFileReference; lastKnownFileType = file.xib; path = AlbumsCollectionViewCell.xib; sourceTree = "<group>"; };
		871E8D53251EFF9800CDAA60 /* Album.swift */ = {isa = PBXFileReference; lastKnownFileType = sourcecode.swift; path = Album.swift; sourceTree = "<group>"; };
		871E8D55251F007B00CDAA60 /* Track.swift */ = {isa = PBXFileReference; lastKnownFileType = sourcecode.swift; path = Track.swift; sourceTree = "<group>"; };
		871E8D58251F024800CDAA60 /* Extensions.swift */ = {isa = PBXFileReference; lastKnownFileType = sourcecode.swift; path = Extensions.swift; sourceTree = "<group>"; };
		871E8D5A251F028900CDAA60 /* ReactiveExtensions.swift */ = {isa = PBXFileReference; lastKnownFileType = sourcecode.swift; path = ReactiveExtensions.swift; sourceTree = "<group>"; };
		871E8D5D251F02EF00CDAA60 /* AnimateloadingView.swift */ = {isa = PBXFileReference; fileEncoding = 4; lastKnownFileType = sourcecode.swift; path = AnimateloadingView.swift; sourceTree = "<group>"; };
		871E8D5E251F02EF00CDAA60 /* LoadingView.xib */ = {isa = PBXFileReference; fileEncoding = 4; lastKnownFileType = file.xib; path = LoadingView.xib; sourceTree = "<group>"; };
		871E8D5F251F02EF00CDAA60 /* LoadingViewable.swift */ = {isa = PBXFileReference; fileEncoding = 4; lastKnownFileType = sourcecode.swift; path = LoadingViewable.swift; sourceTree = "<group>"; };
		871E8D60251F02EF00CDAA60 /* loadingView.swift */ = {isa = PBXFileReference; fileEncoding = 4; lastKnownFileType = sourcecode.swift; path = loadingView.swift; sourceTree = "<group>"; };
		871E8D62251F02EF00CDAA60 /* MessageView.xib */ = {isa = PBXFileReference; fileEncoding = 4; lastKnownFileType = file.xib; path = MessageView.xib; sourceTree = "<group>"; };
		871E8D63251F02EF00CDAA60 /* MessageView.swift */ = {isa = PBXFileReference; fileEncoding = 4; lastKnownFileType = sourcecode.swift; path = MessageView.swift; sourceTree = "<group>"; };
		871E8D6A251F031800CDAA60 /* Network.swift */ = {isa = PBXFileReference; lastKnownFileType = sourcecode.swift; path = Network.swift; sourceTree = "<group>"; };
		871E8D6C251F036000CDAA60 /* HomeViewModel.swift */ = {isa = PBXFileReference; lastKnownFileType = sourcecode.swift; path = HomeViewModel.swift; sourceTree = "<group>"; };
		91AA155EB179CDE13A599971 /* Pods-mvvm-rxswift-mvvm-rxswiftUITests.release.xcconfig */ = {isa = PBXFileReference; includeInIndex = 1; lastKnownFileType = text.xcconfig; name = "Pods-mvvm-rxswift-mvvm-rxswiftUITests.release.xcconfig"; path = "Target Support Files/Pods-mvvm-rxswift-mvvm-rxswiftUITests/Pods-mvvm-rxswift-mvvm-rxswiftUITests.release.xcconfig"; sourceTree = "<group>"; };
		A6679472233BC271C285BEBE /* Pods-mvvm-rxswift.release.xcconfig */ = {isa = PBXFileReference; includeInIndex = 1; lastKnownFileType = text.xcconfig; name = "Pods-mvvm-rxswift.release.xcconfig"; path = "Target Support Files/Pods-mvvm-rxswift/Pods-mvvm-rxswift.release.xcconfig"; sourceTree = "<group>"; };
		AB1FD342B195316ABAB18B80 /* Pods-mvvm-rxswiftTests.release.xcconfig */ = {isa = PBXFileReference; includeInIndex = 1; lastKnownFileType = text.xcconfig; name = "Pods-mvvm-rxswiftTests.release.xcconfig"; path = "Target Support Files/Pods-mvvm-rxswiftTests/Pods-mvvm-rxswiftTests.release.xcconfig"; sourceTree = "<group>"; };
		C974C82645FD3799BB745B7E /* Pods-mvvm-rxswiftTests.debug.xcconfig */ = {isa = PBXFileReference; includeInIndex = 1; lastKnownFileType = text.xcconfig; name = "Pods-mvvm-rxswiftTests.debug.xcconfig"; path = "Target Support Files/Pods-mvvm-rxswiftTests/Pods-mvvm-rxswiftTests.debug.xcconfig"; sourceTree = "<group>"; };
		E4B08FF323BB69C3054A1803 /* Pods_mvvm_rxswift.framework */ = {isa = PBXFileReference; explicitFileType = wrapper.framework; includeInIndex = 0; path = Pods_mvvm_rxswift.framework; sourceTree = BUILT_PRODUCTS_DIR; };
		EB8141AF70B7F1D706896188 /* Pods_mvvm_rxswiftTests.framework */ = {isa = PBXFileReference; explicitFileType = wrapper.framework; includeInIndex = 0; path = Pods_mvvm_rxswiftTests.framework; sourceTree = BUILT_PRODUCTS_DIR; };
/* End PBXFileReference section */

/* Begin PBXFrameworksBuildPhase section */
		871E8D0A251EF23E00CDAA60 /* Frameworks */ = {
			isa = PBXFrameworksBuildPhase;
			buildActionMask = 2147483647;
			files = (
				4B12204FD7F03F083E0AA735 /* Pods_mvvm_rxswift.framework in Frameworks */,
			);
			runOnlyForDeploymentPostprocessing = 0;
		};
		871E8D20251EF23F00CDAA60 /* Frameworks */ = {
			isa = PBXFrameworksBuildPhase;
			buildActionMask = 2147483647;
			files = (
				85698C40963C7A809C30277F /* Pods_mvvm_rxswiftTests.framework in Frameworks */,
			);
			runOnlyForDeploymentPostprocessing = 0;
		};
		871E8D2B251EF23F00CDAA60 /* Frameworks */ = {
			isa = PBXFrameworksBuildPhase;
			buildActionMask = 2147483647;
			files = (
				36F83ED1E1174CE3EFA11ADA /* Pods_mvvm_rxswift_mvvm_rxswiftUITests.framework in Frameworks */,
			);
			runOnlyForDeploymentPostprocessing = 0;
		};
/* End PBXFrameworksBuildPhase section */

/* Begin PBXGroup section */
		23ED31071AF54003EFDB771A /* Frameworks */ = {
			isa = PBXGroup;
			children = (
				E4B08FF323BB69C3054A1803 /* Pods_mvvm_rxswift.framework */,
				0C86BB8D620C4B6F0B9D18B6 /* Pods_mvvm_rxswift_mvvm_rxswiftUITests.framework */,
				EB8141AF70B7F1D706896188 /* Pods_mvvm_rxswiftTests.framework */,
			);
			name = Frameworks;
			sourceTree = "<group>";
		};
		860270E0E754E7E4C57CCDFE /* Pods */ = {
			isa = PBXGroup;
			children = (
				40CA8CACE5BF092F79F866B8 /* Pods-mvvm-rxswift.debug.xcconfig */,
				A6679472233BC271C285BEBE /* Pods-mvvm-rxswift.release.xcconfig */,
				8554AF0E0498E10B2DCCD610 /* Pods-mvvm-rxswift-mvvm-rxswiftUITests.debug.xcconfig */,
				91AA155EB179CDE13A599971 /* Pods-mvvm-rxswift-mvvm-rxswiftUITests.release.xcconfig */,
				C974C82645FD3799BB745B7E /* Pods-mvvm-rxswiftTests.debug.xcconfig */,
				AB1FD342B195316ABAB18B80 /* Pods-mvvm-rxswiftTests.release.xcconfig */,
			);
			path = Pods;
			sourceTree = "<group>";
		};
		871E8D04251EF23E00CDAA60 = {
			isa = PBXGroup;
			children = (
				871E8D0F251EF23E00CDAA60 /* mvvm-rxswift */,
				871E8D26251EF23F00CDAA60 /* mvvm-rxswiftTests */,
				871E8D31251EF23F00CDAA60 /* mvvm-rxswiftUITests */,
				871E8D0E251EF23E00CDAA60 /* Products */,
				860270E0E754E7E4C57CCDFE /* Pods */,
				23ED31071AF54003EFDB771A /* Frameworks */,
			);
			sourceTree = "<group>";
		};
		871E8D0E251EF23E00CDAA60 /* Products */ = {
			isa = PBXGroup;
			children = (
				871E8D0D251EF23E00CDAA60 /* mvvm-rxswift.app */,
				871E8D23251EF23F00CDAA60 /* mvvm-rxswiftTests.xctest */,
				871E8D2E251EF23F00CDAA60 /* mvvm-rxswiftUITests.xctest */,
			);
			name = Products;
			sourceTree = "<group>";
		};
		871E8D0F251EF23E00CDAA60 /* mvvm-rxswift */ = {
			isa = PBXGroup;
			children = (
				871E8D40251EFDFB00CDAA60 /* Home */,
				871E8D5C251F02EF00CDAA60 /* LoadingView */,
				871E8D61251F02EF00CDAA60 /* MessageView */,
				871E8D57251F023700CDAA60 /* Helpers */,
				871E8D4A251EFED400CDAA60 /* ViewCells */,
				871E8D45251EFE3B00CDAA60 /* Resources */,
				871E8D44251EFE3100CDAA60 /* Supporting Files */,
			);
			path = "mvvm-rxswift";
			sourceTree = "<group>";
		};
		871E8D26251EF23F00CDAA60 /* mvvm-rxswiftTests */ = {
			isa = PBXGroup;
			children = (
				871E8D27251EF23F00CDAA60 /* mvvm_rxswiftTests.swift */,
				871E8D29251EF23F00CDAA60 /* Info.plist */,
			);
			path = "mvvm-rxswiftTests";
			sourceTree = "<group>";
		};
		871E8D31251EF23F00CDAA60 /* mvvm-rxswiftUITests */ = {
			isa = PBXGroup;
			children = (
				871E8D32251EF23F00CDAA60 /* mvvm_rxswiftUITests.swift */,
				871E8D34251EF23F00CDAA60 /* Info.plist */,
			);
			path = "mvvm-rxswiftUITests";
			sourceTree = "<group>";
		};
		871E8D40251EFDFB00CDAA60 /* Home */ = {
			isa = PBXGroup;
			children = (
				871E8D43251EFE1000CDAA60 /* Model */,
				871E8D41251EFE0500CDAA60 /* View */,
				871E8D42251EFE0A00CDAA60 /* ViewModel */,
			);
			path = Home;
			sourceTree = "<group>";
		};
		871E8D41251EFE0500CDAA60 /* View */ = {
			isa = PBXGroup;
			children = (
				871E8D16251EF23E00CDAA60 /* Home.storyboard */,
				871E8D14251EF23E00CDAA60 /* HomeViewController.swift */,
				871E8D46251EFEA000CDAA60 /* AlbumsCollectionViewController.swift */,
				871E8D48251EFEB100CDAA60 /* TracksTableViewController.swift */,
			);
			path = View;
			sourceTree = "<group>";
		};
		871E8D42251EFE0A00CDAA60 /* ViewModel */ = {
			isa = PBXGroup;
			children = (
				871E8D6C251F036000CDAA60 /* HomeViewModel.swift */,
			);
			path = ViewModel;
			sourceTree = "<group>";
		};
		871E8D43251EFE1000CDAA60 /* Model */ = {
			isa = PBXGroup;
			children = (
				871E8D53251EFF9800CDAA60 /* Album.swift */,
				871E8D55251F007B00CDAA60 /* Track.swift */,
			);
			path = Model;
			sourceTree = "<group>";
		};
		871E8D44251EFE3100CDAA60 /* Supporting Files */ = {
			isa = PBXGroup;
			children = (
				871E8D10251EF23E00CDAA60 /* AppDelegate.swift */,
				871E8D12251EF23E00CDAA60 /* SceneDelegate.swift */,
			);
			path = "Supporting Files";
			sourceTree = "<group>";
		};
		871E8D45251EFE3B00CDAA60 /* Resources */ = {
			isa = PBXGroup;
			children = (
				871E8D19251EF23F00CDAA60 /* Assets.xcassets */,
				871E8D1B251EF23F00CDAA60 /* LaunchScreen.storyboard */,
				871E8D1E251EF23F00CDAA60 /* Info.plist */,
			);
			path = Resources;
			sourceTree = "<group>";
		};
		871E8D4A251EFED400CDAA60 /* ViewCells */ = {
			isa = PBXGroup;
			children = (
				871E8D4B251EFEE600CDAA60 /* TracksTableViewCell.swift */,
				871E8D4C251EFEE600CDAA60 /* TracksTableViewCell.xib */,
				871E8D4F251EFF0900CDAA60 /* AlbumsCollectionViewCell.swift */,
				871E8D50251EFF0900CDAA60 /* AlbumsCollectionViewCell.xib */,
			);
			path = ViewCells;
			sourceTree = "<group>";
		};
		871E8D57251F023700CDAA60 /* Helpers */ = {
			isa = PBXGroup;
			children = (
				871E8D58251F024800CDAA60 /* Extensions.swift */,
				871E8D5A251F028900CDAA60 /* ReactiveExtensions.swift */,
				871E8D6A251F031800CDAA60 /* Network.swift */,
			);
			path = Helpers;
			sourceTree = "<group>";
		};
		871E8D5C251F02EF00CDAA60 /* LoadingView */ = {
			isa = PBXGroup;
			children = (
				871E8D5D251F02EF00CDAA60 /* AnimateloadingView.swift */,
				871E8D5E251F02EF00CDAA60 /* LoadingView.xib */,
				871E8D5F251F02EF00CDAA60 /* LoadingViewable.swift */,
				871E8D60251F02EF00CDAA60 /* loadingView.swift */,
			);
			path = LoadingView;
			sourceTree = "<group>";
		};
		871E8D61251F02EF00CDAA60 /* MessageView */ = {
			isa = PBXGroup;
			children = (
				871E8D62251F02EF00CDAA60 /* MessageView.xib */,
				871E8D63251F02EF00CDAA60 /* MessageView.swift */,
			);
			path = MessageView;
			sourceTree = "<group>";
		};
/* End PBXGroup section */

/* Begin PBXNativeTarget section */
		871E8D0C251EF23E00CDAA60 /* mvvm-rxswift */ = {
			isa = PBXNativeTarget;
			buildConfigurationList = 871E8D37251EF23F00CDAA60 /* Build configuration list for PBXNativeTarget "mvvm-rxswift" */;
			buildPhases = (
				C1D7715F0EE614EE6C077758 /* [CP] Check Pods Manifest.lock */,
				871E8D09251EF23E00CDAA60 /* Sources */,
				871E8D0A251EF23E00CDAA60 /* Frameworks */,
				871E8D0B251EF23E00CDAA60 /* Resources */,
				87055087EE10911314AF27F4 /* [CP] Embed Pods Frameworks */,
			);
			buildRules = (
			);
			dependencies = (
			);
			name = "mvvm-rxswift";
			productName = "mvvm-rxswift";
			productReference = 871E8D0D251EF23E00CDAA60 /* mvvm-rxswift.app */;
			productType = "com.apple.product-type.application";
		};
		871E8D22251EF23F00CDAA60 /* mvvm-rxswiftTests */ = {
			isa = PBXNativeTarget;
			buildConfigurationList = 871E8D3A251EF23F00CDAA60 /* Build configuration list for PBXNativeTarget "mvvm-rxswiftTests" */;
			buildPhases = (
				6A965129398300A9E2F2FE2A /* [CP] Check Pods Manifest.lock */,
				871E8D1F251EF23F00CDAA60 /* Sources */,
				871E8D20251EF23F00CDAA60 /* Frameworks */,
				871E8D21251EF23F00CDAA60 /* Resources */,
			);
			buildRules = (
			);
			dependencies = (
				871E8D25251EF23F00CDAA60 /* PBXTargetDependency */,
			);
			name = "mvvm-rxswiftTests";
			productName = "mvvm-rxswiftTests";
			productReference = 871E8D23251EF23F00CDAA60 /* mvvm-rxswiftTests.xctest */;
			productType = "com.apple.product-type.bundle.unit-test";
		};
		871E8D2D251EF23F00CDAA60 /* mvvm-rxswiftUITests */ = {
			isa = PBXNativeTarget;
			buildConfigurationList = 871E8D3D251EF23F00CDAA60 /* Build configuration list for PBXNativeTarget "mvvm-rxswiftUITests" */;
			buildPhases = (
				6674FB26ACA581A7DD81C1A3 /* [CP] Check Pods Manifest.lock */,
				871E8D2A251EF23F00CDAA60 /* Sources */,
				871E8D2B251EF23F00CDAA60 /* Frameworks */,
				871E8D2C251EF23F00CDAA60 /* Resources */,
				BA9B378ED376DD74F05F3690 /* [CP] Embed Pods Frameworks */,
			);
			buildRules = (
			);
			dependencies = (
				871E8D30251EF23F00CDAA60 /* PBXTargetDependency */,
			);
			name = "mvvm-rxswiftUITests";
			productName = "mvvm-rxswiftUITests";
			productReference = 871E8D2E251EF23F00CDAA60 /* mvvm-rxswiftUITests.xctest */;
			productType = "com.apple.product-type.bundle.ui-testing";
		};
/* End PBXNativeTarget section */

/* Begin PBXProject section */
		871E8D05251EF23E00CDAA60 /* Project object */ = {
			isa = PBXProject;
			attributes = {
				LastSwiftUpdateCheck = 1150;
				LastUpgradeCheck = 1150;
				ORGANIZATIONNAME = "Cyan Villarin";
				TargetAttributes = {
					871E8D0C251EF23E00CDAA60 = {
						CreatedOnToolsVersion = 11.5;
					};
					871E8D22251EF23F00CDAA60 = {
						CreatedOnToolsVersion = 11.5;
						TestTargetID = 871E8D0C251EF23E00CDAA60;
					};
					871E8D2D251EF23F00CDAA60 = {
						CreatedOnToolsVersion = 11.5;
						TestTargetID = 871E8D0C251EF23E00CDAA60;
					};
				};
			};
			buildConfigurationList = 871E8D08251EF23E00CDAA60 /* Build configuration list for PBXProject "mvvm-rxswift" */;
			compatibilityVersion = "Xcode 9.3";
			developmentRegion = en;
			hasScannedForEncodings = 0;
			knownRegions = (
				en,
				Base,
			);
			mainGroup = 871E8D04251EF23E00CDAA60;
			productRefGroup = 871E8D0E251EF23E00CDAA60 /* Products */;
			projectDirPath = "";
			projectRoot = "";
			targets = (
				871E8D0C251EF23E00CDAA60 /* mvvm-rxswift */,
				871E8D22251EF23F00CDAA60 /* mvvm-rxswiftTests */,
				871E8D2D251EF23F00CDAA60 /* mvvm-rxswiftUITests */,
			);
		};
/* End PBXProject section */

/* Begin PBXResourcesBuildPhase section */
		871E8D0B251EF23E00CDAA60 /* Resources */ = {
			isa = PBXResourcesBuildPhase;
			buildActionMask = 2147483647;
			files = (
				871E8D1D251EF23F00CDAA60 /* LaunchScreen.storyboard in Resources */,
				871E8D1A251EF23F00CDAA60 /* Assets.xcassets in Resources */,
				871E8D18251EF23E00CDAA60 /* Home.storyboard in Resources */,
				871E8D65251F02EF00CDAA60 /* LoadingView.xib in Resources */,
				871E8D68251F02EF00CDAA60 /* MessageView.xib in Resources */,
				871E8D52251EFF0900CDAA60 /* AlbumsCollectionViewCell.xib in Resources */,
				871E8D4E251EFEE600CDAA60 /* TracksTableViewCell.xib in Resources */,
			);
			runOnlyForDeploymentPostprocessing = 0;
		};
		871E8D21251EF23F00CDAA60 /* Resources */ = {
			isa = PBXResourcesBuildPhase;
			buildActionMask = 2147483647;
			files = (
			);
			runOnlyForDeploymentPostprocessing = 0;
		};
		871E8D2C251EF23F00CDAA60 /* Resources */ = {
			isa = PBXResourcesBuildPhase;
			buildActionMask = 2147483647;
			files = (
			);
			runOnlyForDeploymentPostprocessing = 0;
		};
/* End PBXResourcesBuildPhase section */

/* Begin PBXShellScriptBuildPhase section */
		6674FB26ACA581A7DD81C1A3 /* [CP] Check Pods Manifest.lock */ = {
			isa = PBXShellScriptBuildPhase;
			buildActionMask = 2147483647;
			files = (
			);
			inputFileListPaths = (
			);
			inputPaths = (
				"${PODS_PODFILE_DIR_PATH}/Podfile.lock",
				"${PODS_ROOT}/Manifest.lock",
			);
			name = "[CP] Check Pods Manifest.lock";
			outputFileListPaths = (
			);
			outputPaths = (
				"$(DERIVED_FILE_DIR)/Pods-mvvm-rxswift-mvvm-rxswiftUITests-checkManifestLockResult.txt",
			);
			runOnlyForDeploymentPostprocessing = 0;
			shellPath = /bin/sh;
			shellScript = "diff \"${PODS_PODFILE_DIR_PATH}/Podfile.lock\" \"${PODS_ROOT}/Manifest.lock\" > /dev/null\nif [ $? != 0 ] ; then\n    # print error to STDERR\n    echo \"error: The sandbox is not in sync with the Podfile.lock. Run 'pod install' or update your CocoaPods installation.\" >&2\n    exit 1\nfi\n# This output is used by Xcode 'outputs' to avoid re-running this script phase.\necho \"SUCCESS\" > \"${SCRIPT_OUTPUT_FILE_0}\"\n";
			showEnvVarsInLog = 0;
		};
		6A965129398300A9E2F2FE2A /* [CP] Check Pods Manifest.lock */ = {
			isa = PBXShellScriptBuildPhase;
			buildActionMask = 2147483647;
			files = (
			);
			inputFileListPaths = (
			);
			inputPaths = (
				"${PODS_PODFILE_DIR_PATH}/Podfile.lock",
				"${PODS_ROOT}/Manifest.lock",
			);
			name = "[CP] Check Pods Manifest.lock";
			outputFileListPaths = (
			);
			outputPaths = (
				"$(DERIVED_FILE_DIR)/Pods-mvvm-rxswiftTests-checkManifestLockResult.txt",
			);
			runOnlyForDeploymentPostprocessing = 0;
			shellPath = /bin/sh;
			shellScript = "diff \"${PODS_PODFILE_DIR_PATH}/Podfile.lock\" \"${PODS_ROOT}/Manifest.lock\" > /dev/null\nif [ $? != 0 ] ; then\n    # print error to STDERR\n    echo \"error: The sandbox is not in sync with the Podfile.lock. Run 'pod install' or update your CocoaPods installation.\" >&2\n    exit 1\nfi\n# This output is used by Xcode 'outputs' to avoid re-running this script phase.\necho \"SUCCESS\" > \"${SCRIPT_OUTPUT_FILE_0}\"\n";
			showEnvVarsInLog = 0;
		};
		87055087EE10911314AF27F4 /* [CP] Embed Pods Frameworks */ = {
			isa = PBXShellScriptBuildPhase;
			buildActionMask = 2147483647;
			files = (
			);
			inputFileListPaths = (
				"${PODS_ROOT}/Target Support Files/Pods-mvvm-rxswift/Pods-mvvm-rxswift-frameworks-${CONFIGURATION}-input-files.xcfilelist",
			);
			name = "[CP] Embed Pods Frameworks";
			outputFileListPaths = (
				"${PODS_ROOT}/Target Support Files/Pods-mvvm-rxswift/Pods-mvvm-rxswift-frameworks-${CONFIGURATION}-output-files.xcfilelist",
			);
			runOnlyForDeploymentPostprocessing = 0;
			shellPath = /bin/sh;
			shellScript = "\"${PODS_ROOT}/Target Support Files/Pods-mvvm-rxswift/Pods-mvvm-rxswift-frameworks.sh\"\n";
			showEnvVarsInLog = 0;
		};
		BA9B378ED376DD74F05F3690 /* [CP] Embed Pods Frameworks */ = {
			isa = PBXShellScriptBuildPhase;
			buildActionMask = 2147483647;
			files = (
			);
			inputFileListPaths = (
				"${PODS_ROOT}/Target Support Files/Pods-mvvm-rxswift-mvvm-rxswiftUITests/Pods-mvvm-rxswift-mvvm-rxswiftUITests-frameworks-${CONFIGURATION}-input-files.xcfilelist",
			);
			name = "[CP] Embed Pods Frameworks";
			outputFileListPaths = (
				"${PODS_ROOT}/Target Support Files/Pods-mvvm-rxswift-mvvm-rxswiftUITests/Pods-mvvm-rxswift-mvvm-rxswiftUITests-frameworks-${CONFIGURATION}-output-files.xcfilelist",
			);
			runOnlyForDeploymentPostprocessing = 0;
			shellPath = /bin/sh;
			shellScript = "\"${PODS_ROOT}/Target Support Files/Pods-mvvm-rxswift-mvvm-rxswiftUITests/Pods-mvvm-rxswift-mvvm-rxswiftUITests-frameworks.sh\"\n";
			showEnvVarsInLog = 0;
		};
		C1D7715F0EE614EE6C077758 /* [CP] Check Pods Manifest.lock */ = {
			isa = PBXShellScriptBuildPhase;
			buildActionMask = 2147483647;
			files = (
			);
			inputFileListPaths = (
			);
			inputPaths = (
				"${PODS_PODFILE_DIR_PATH}/Podfile.lock",
				"${PODS_ROOT}/Manifest.lock",
			);
			name = "[CP] Check Pods Manifest.lock";
			outputFileListPaths = (
			);
			outputPaths = (
				"$(DERIVED_FILE_DIR)/Pods-mvvm-rxswift-checkManifestLockResult.txt",
			);
			runOnlyForDeploymentPostprocessing = 0;
			shellPath = /bin/sh;
			shellScript = "diff \"${PODS_PODFILE_DIR_PATH}/Podfile.lock\" \"${PODS_ROOT}/Manifest.lock\" > /dev/null\nif [ $? != 0 ] ; then\n    # print error to STDERR\n    echo \"error: The sandbox is not in sync with the Podfile.lock. Run 'pod install' or update your CocoaPods installation.\" >&2\n    exit 1\nfi\n# This output is used by Xcode 'outputs' to avoid re-running this script phase.\necho \"SUCCESS\" > \"${SCRIPT_OUTPUT_FILE_0}\"\n";
			showEnvVarsInLog = 0;
		};
/* End PBXShellScriptBuildPhase section */

/* Begin PBXSourcesBuildPhase section */
		871E8D09251EF23E00CDAA60 /* Sources */ = {
			isa = PBXSourcesBuildPhase;
			buildActionMask = 2147483647;
			files = (
				871E8D6D251F036000CDAA60 /* HomeViewModel.swift in Sources */,
				871E8D15251EF23E00CDAA60 /* HomeViewController.swift in Sources */,
				871E8D11251EF23E00CDAA60 /* AppDelegate.swift in Sources */,
				871E8D6B251F031800CDAA60 /* Network.swift in Sources */,
				871E8D47251EFEA000CDAA60 /* AlbumsCollectionViewController.swift in Sources */,
				871E8D64251F02EF00CDAA60 /* AnimateloadingView.swift in Sources */,
				871E8D49251EFEB100CDAA60 /* TracksTableViewController.swift in Sources */,
				871E8D13251EF23E00CDAA60 /* SceneDelegate.swift in Sources */,
				871E8D66251F02EF00CDAA60 /* LoadingViewable.swift in Sources */,
				871E8D67251F02EF00CDAA60 /* loadingView.swift in Sources */,
				871E8D59251F024800CDAA60 /* Extensions.swift in Sources */,
				871E8D69251F02EF00CDAA60 /* MessageView.swift in Sources */,
				871E8D56251F007B00CDAA60 /* Track.swift in Sources */,
				871E8D5B251F028900CDAA60 /* ReactiveExtensions.swift in Sources */,
				871E8D4D251EFEE600CDAA60 /* TracksTableViewCell.swift in Sources */,
				871E8D51251EFF0900CDAA60 /* AlbumsCollectionViewCell.swift in Sources */,
				871E8D54251EFF9800CDAA60 /* Album.swift in Sources */,
			);
			runOnlyForDeploymentPostprocessing = 0;
		};
		871E8D1F251EF23F00CDAA60 /* Sources */ = {
			isa = PBXSourcesBuildPhase;
			buildActionMask = 2147483647;
			files = (
				871E8D28251EF23F00CDAA60 /* mvvm_rxswiftTests.swift in Sources */,
			);
			runOnlyForDeploymentPostprocessing = 0;
		};
		871E8D2A251EF23F00CDAA60 /* Sources */ = {
			isa = PBXSourcesBuildPhase;
			buildActionMask = 2147483647;
			files = (
				871E8D33251EF23F00CDAA60 /* mvvm_rxswiftUITests.swift in Sources */,
			);
			runOnlyForDeploymentPostprocessing = 0;
		};
/* End PBXSourcesBuildPhase section */

/* Begin PBXTargetDependency section */
		871E8D25251EF23F00CDAA60 /* PBXTargetDependency */ = {
			isa = PBXTargetDependency;
			target = 871E8D0C251EF23E00CDAA60 /* mvvm-rxswift */;
			targetProxy = 871E8D24251EF23F00CDAA60 /* PBXContainerItemProxy */;
		};
		871E8D30251EF23F00CDAA60 /* PBXTargetDependency */ = {
			isa = PBXTargetDependency;
			target = 871E8D0C251EF23E00CDAA60 /* mvvm-rxswift */;
			targetProxy = 871E8D2F251EF23F00CDAA60 /* PBXContainerItemProxy */;
		};
/* End PBXTargetDependency section */

/* Begin PBXVariantGroup section */
		871E8D16251EF23E00CDAA60 /* Home.storyboard */ = {
			isa = PBXVariantGroup;
			children = (
				871E8D17251EF23E00CDAA60 /* Base */,
			);
			name = Home.storyboard;
			sourceTree = "<group>";
		};
		871E8D1B251EF23F00CDAA60 /* LaunchScreen.storyboard */ = {
			isa = PBXVariantGroup;
			children = (
				871E8D1C251EF23F00CDAA60 /* Base */,
			);
			name = LaunchScreen.storyboard;
			sourceTree = "<group>";
		};
/* End PBXVariantGroup section */

/* Begin XCBuildConfiguration section */
		871E8D35251EF23F00CDAA60 /* Debug */ = {
			isa = XCBuildConfiguration;
			buildSettings = {
				ALWAYS_SEARCH_USER_PATHS = NO;
				CLANG_ANALYZER_NONNULL = YES;
				CLANG_ANALYZER_NUMBER_OBJECT_CONVERSION = YES_AGGRESSIVE;
				CLANG_CXX_LANGUAGE_STANDARD = "gnu++14";
				CLANG_CXX_LIBRARY = "libc++";
				CLANG_ENABLE_MODULES = YES;
				CLANG_ENABLE_OBJC_ARC = YES;
				CLANG_ENABLE_OBJC_WEAK = YES;
				CLANG_WARN_BLOCK_CAPTURE_AUTORELEASING = YES;
				CLANG_WARN_BOOL_CONVERSION = YES;
				CLANG_WARN_COMMA = YES;
				CLANG_WARN_CONSTANT_CONVERSION = YES;
				CLANG_WARN_DEPRECATED_OBJC_IMPLEMENTATIONS = YES;
				CLANG_WARN_DIRECT_OBJC_ISA_USAGE = YES_ERROR;
				CLANG_WARN_DOCUMENTATION_COMMENTS = YES;
				CLANG_WARN_EMPTY_BODY = YES;
				CLANG_WARN_ENUM_CONVERSION = YES;
				CLANG_WARN_INFINITE_RECURSION = YES;
				CLANG_WARN_INT_CONVERSION = YES;
				CLANG_WARN_NON_LITERAL_NULL_CONVERSION = YES;
				CLANG_WARN_OBJC_IMPLICIT_RETAIN_SELF = YES;
				CLANG_WARN_OBJC_LITERAL_CONVERSION = YES;
				CLANG_WARN_OBJC_ROOT_CLASS = YES_ERROR;
				CLANG_WARN_RANGE_LOOP_ANALYSIS = YES;
				CLANG_WARN_STRICT_PROTOTYPES = YES;
				CLANG_WARN_SUSPICIOUS_MOVE = YES;
				CLANG_WARN_UNGUARDED_AVAILABILITY = YES_AGGRESSIVE;
				CLANG_WARN_UNREACHABLE_CODE = YES;
				CLANG_WARN__DUPLICATE_METHOD_MATCH = YES;
				COPY_PHASE_STRIP = NO;
				DEBUG_INFORMATION_FORMAT = dwarf;
				ENABLE_STRICT_OBJC_MSGSEND = YES;
				ENABLE_TESTABILITY = YES;
				GCC_C_LANGUAGE_STANDARD = gnu11;
				GCC_DYNAMIC_NO_PIC = NO;
				GCC_NO_COMMON_BLOCKS = YES;
				GCC_OPTIMIZATION_LEVEL = 0;
				GCC_PREPROCESSOR_DEFINITIONS = (
					"DEBUG=1",
					"$(inherited)",
				);
				GCC_WARN_64_TO_32_BIT_CONVERSION = YES;
				GCC_WARN_ABOUT_RETURN_TYPE = YES_ERROR;
				GCC_WARN_UNDECLARED_SELECTOR = YES;
				GCC_WARN_UNINITIALIZED_AUTOS = YES_AGGRESSIVE;
				GCC_WARN_UNUSED_FUNCTION = YES;
				GCC_WARN_UNUSED_VARIABLE = YES;
				IPHONEOS_DEPLOYMENT_TARGET = 13.5;
				MTL_ENABLE_DEBUG_INFO = INCLUDE_SOURCE;
				MTL_FAST_MATH = YES;
				ONLY_ACTIVE_ARCH = YES;
				SDKROOT = iphoneos;
				SWIFT_ACTIVE_COMPILATION_CONDITIONS = DEBUG;
				SWIFT_OPTIMIZATION_LEVEL = "-Onone";
			};
			name = Debug;
		};
		871E8D36251EF23F00CDAA60 /* Release */ = {
			isa = XCBuildConfiguration;
			buildSettings = {
				ALWAYS_SEARCH_USER_PATHS = NO;
				CLANG_ANALYZER_NONNULL = YES;
				CLANG_ANALYZER_NUMBER_OBJECT_CONVERSION = YES_AGGRESSIVE;
				CLANG_CXX_LANGUAGE_STANDARD = "gnu++14";
				CLANG_CXX_LIBRARY = "libc++";
				CLANG_ENABLE_MODULES = YES;
				CLANG_ENABLE_OBJC_ARC = YES;
				CLANG_ENABLE_OBJC_WEAK = YES;
				CLANG_WARN_BLOCK_CAPTURE_AUTORELEASING = YES;
				CLANG_WARN_BOOL_CONVERSION = YES;
				CLANG_WARN_COMMA = YES;
				CLANG_WARN_CONSTANT_CONVERSION = YES;
				CLANG_WARN_DEPRECATED_OBJC_IMPLEMENTATIONS = YES;
				CLANG_WARN_DIRECT_OBJC_ISA_USAGE = YES_ERROR;
				CLANG_WARN_DOCUMENTATION_COMMENTS = YES;
				CLANG_WARN_EMPTY_BODY = YES;
				CLANG_WARN_ENUM_CONVERSION = YES;
				CLANG_WARN_INFINITE_RECURSION = YES;
				CLANG_WARN_INT_CONVERSION = YES;
				CLANG_WARN_NON_LITERAL_NULL_CONVERSION = YES;
				CLANG_WARN_OBJC_IMPLICIT_RETAIN_SELF = YES;
				CLANG_WARN_OBJC_LITERAL_CONVERSION = YES;
				CLANG_WARN_OBJC_ROOT_CLASS = YES_ERROR;
				CLANG_WARN_RANGE_LOOP_ANALYSIS = YES;
				CLANG_WARN_STRICT_PROTOTYPES = YES;
				CLANG_WARN_SUSPICIOUS_MOVE = YES;
				CLANG_WARN_UNGUARDED_AVAILABILITY = YES_AGGRESSIVE;
				CLANG_WARN_UNREACHABLE_CODE = YES;
				CLANG_WARN__DUPLICATE_METHOD_MATCH = YES;
				COPY_PHASE_STRIP = NO;
				DEBUG_INFORMATION_FORMAT = "dwarf-with-dsym";
				ENABLE_NS_ASSERTIONS = NO;
				ENABLE_STRICT_OBJC_MSGSEND = YES;
				GCC_C_LANGUAGE_STANDARD = gnu11;
				GCC_NO_COMMON_BLOCKS = YES;
				GCC_WARN_64_TO_32_BIT_CONVERSION = YES;
				GCC_WARN_ABOUT_RETURN_TYPE = YES_ERROR;
				GCC_WARN_UNDECLARED_SELECTOR = YES;
				GCC_WARN_UNINITIALIZED_AUTOS = YES_AGGRESSIVE;
				GCC_WARN_UNUSED_FUNCTION = YES;
				GCC_WARN_UNUSED_VARIABLE = YES;
				IPHONEOS_DEPLOYMENT_TARGET = 13.5;
				MTL_ENABLE_DEBUG_INFO = NO;
				MTL_FAST_MATH = YES;
				SDKROOT = iphoneos;
				SWIFT_COMPILATION_MODE = wholemodule;
				SWIFT_OPTIMIZATION_LEVEL = "-O";
				VALIDATE_PRODUCT = YES;
			};
			name = Release;
		};
		871E8D38251EF23F00CDAA60 /* Debug */ = {
			isa = XCBuildConfiguration;
			baseConfigurationReference = 40CA8CACE5BF092F79F866B8 /* Pods-mvvm-rxswift.debug.xcconfig */;
			buildSettings = {
				ASSETCATALOG_COMPILER_APPICON_NAME = AppIcon;
				CODE_SIGN_STYLE = Automatic;
				DEVELOPMENT_TEAM = ZUJKC4DH23;
				INFOPLIST_FILE = "mvvm-rxswift/Resources/Info.plist";
				LD_RUNPATH_SEARCH_PATHS = (
					"$(inherited)",
					"@executable_path/Frameworks",
				);
				PRODUCT_BUNDLE_IDENTIFIER = "cyanvillarin.mvvm-rxswift";
				PRODUCT_NAME = "$(TARGET_NAME)";
				SWIFT_VERSION = 5.0;
				TARGETED_DEVICE_FAMILY = "1,2";
			};
			name = Debug;
		};
		871E8D39251EF23F00CDAA60 /* Release */ = {
			isa = XCBuildConfiguration;
			baseConfigurationReference = A6679472233BC271C285BEBE /* Pods-mvvm-rxswift.release.xcconfig */;
			buildSettings = {
				ASSETCATALOG_COMPILER_APPICON_NAME = AppIcon;
				CODE_SIGN_STYLE = Automatic;
				DEVELOPMENT_TEAM = ZUJKC4DH23;
				INFOPLIST_FILE = "mvvm-rxswift/Resources/Info.plist";
				LD_RUNPATH_SEARCH_PATHS = (
					"$(inherited)",
					"@executable_path/Frameworks",
				);
				PRODUCT_BUNDLE_IDENTIFIER = "cyanvillarin.mvvm-rxswift";
				PRODUCT_NAME = "$(TARGET_NAME)";
				SWIFT_VERSION = 5.0;
				TARGETED_DEVICE_FAMILY = "1,2";
			};
			name = Release;
		};
		871E8D3B251EF23F00CDAA60 /* Debug */ = {
			isa = XCBuildConfiguration;
			baseConfigurationReference = C974C82645FD3799BB745B7E /* Pods-mvvm-rxswiftTests.debug.xcconfig */;
			buildSettings = {
				ALWAYS_EMBED_SWIFT_STANDARD_LIBRARIES = YES;
				BUNDLE_LOADER = "$(TEST_HOST)";
				CODE_SIGN_STYLE = Automatic;
				DEVELOPMENT_TEAM = ZUJKC4DH23;
				INFOPLIST_FILE = "mvvm-rxswiftTests/Info.plist";
				IPHONEOS_DEPLOYMENT_TARGET = 13.5;
				LD_RUNPATH_SEARCH_PATHS = (
					"$(inherited)",
					"@executable_path/Frameworks",
					"@loader_path/Frameworks",
				);
				PRODUCT_BUNDLE_IDENTIFIER = "cyanvillarin.mvvm-rxswiftTests";
				PRODUCT_NAME = "$(TARGET_NAME)";
				SWIFT_VERSION = 5.0;
				TARGETED_DEVICE_FAMILY = "1,2";
				TEST_HOST = "$(BUILT_PRODUCTS_DIR)/mvvm-rxswift.app/mvvm-rxswift";
			};
			name = Debug;
		};
		871E8D3C251EF23F00CDAA60 /* Release */ = {
			isa = XCBuildConfiguration;
			baseConfigurationReference = AB1FD342B195316ABAB18B80 /* Pods-mvvm-rxswiftTests.release.xcconfig */;
			buildSettings = {
				ALWAYS_EMBED_SWIFT_STANDARD_LIBRARIES = YES;
				BUNDLE_LOADER = "$(TEST_HOST)";
				CODE_SIGN_STYLE = Automatic;
				DEVELOPMENT_TEAM = ZUJKC4DH23;
				INFOPLIST_FILE = "mvvm-rxswiftTests/Info.plist";
				IPHONEOS_DEPLOYMENT_TARGET = 13.5;
				LD_RUNPATH_SEARCH_PATHS = (
					"$(inherited)",
					"@executable_path/Frameworks",
					"@loader_path/Frameworks",
				);
				PRODUCT_BUNDLE_IDENTIFIER = "cyanvillarin.mvvm-rxswiftTests";
				PRODUCT_NAME = "$(TARGET_NAME)";
				SWIFT_VERSION = 5.0;
				TARGETED_DEVICE_FAMILY = "1,2";
				TEST_HOST = "$(BUILT_PRODUCTS_DIR)/mvvm-rxswift.app/mvvm-rxswift";
			};
			name = Release;
		};
		871E8D3E251EF23F00CDAA60 /* Debug */ = {
			isa = XCBuildConfiguration;
			baseConfigurationReference = 8554AF0E0498E10B2DCCD610 /* Pods-mvvm-rxswift-mvvm-rxswiftUITests.debug.xcconfig */;
			buildSettings = {
				ALWAYS_EMBED_SWIFT_STANDARD_LIBRARIES = YES;
				CODE_SIGN_STYLE = Automatic;
				DEVELOPMENT_TEAM = ZUJKC4DH23;
				INFOPLIST_FILE = "mvvm-rxswiftUITests/Info.plist";
				LD_RUNPATH_SEARCH_PATHS = (
					"$(inherited)",
					"@executable_path/Frameworks",
					"@loader_path/Frameworks",
				);
				PRODUCT_BUNDLE_IDENTIFIER = "cyanvillarin.mvvm-rxswiftUITests";
				PRODUCT_NAME = "$(TARGET_NAME)";
				SWIFT_VERSION = 5.0;
				TARGETED_DEVICE_FAMILY = "1,2";
				TEST_TARGET_NAME = "mvvm-rxswift";
			};
			name = Debug;
		};
		871E8D3F251EF23F00CDAA60 /* Release */ = {
			isa = XCBuildConfiguration;
			baseConfigurationReference = 91AA155EB179CDE13A599971 /* Pods-mvvm-rxswift-mvvm-rxswiftUITests.release.xcconfig */;
			buildSettings = {
				ALWAYS_EMBED_SWIFT_STANDARD_LIBRARIES = YES;
				CODE_SIGN_STYLE = Automatic;
				DEVELOPMENT_TEAM = ZUJKC4DH23;
				INFOPLIST_FILE = "mvvm-rxswiftUITests/Info.plist";
				LD_RUNPATH_SEARCH_PATHS = (
					"$(inherited)",
					"@executable_path/Frameworks",
					"@loader_path/Frameworks",
				);
				PRODUCT_BUNDLE_IDENTIFIER = "cyanvillarin.mvvm-rxswiftUITests";
				PRODUCT_NAME = "$(TARGET_NAME)";
				SWIFT_VERSION = 5.0;
				TARGETED_DEVICE_FAMILY = "1,2";
				TEST_TARGET_NAME = "mvvm-rxswift";
			};
			name = Release;
		};
/* End XCBuildConfiguration section */

/* Begin XCConfigurationList section */
		871E8D08251EF23E00CDAA60 /* Build configuration list for PBXProject "mvvm-rxswift" */ = {
			isa = XCConfigurationList;
			buildConfigurations = (
				871E8D35251EF23F00CDAA60 /* Debug */,
				871E8D36251EF23F00CDAA60 /* Release */,
			);
			defaultConfigurationIsVisible = 0;
			defaultConfigurationName = Release;
		};
		871E8D37251EF23F00CDAA60 /* Build configuration list for PBXNativeTarget "mvvm-rxswift" */ = {
			isa = XCConfigurationList;
			buildConfigurations = (
				871E8D38251EF23F00CDAA60 /* Debug */,
				871E8D39251EF23F00CDAA60 /* Release */,
			);
			defaultConfigurationIsVisible = 0;
			defaultConfigurationName = Release;
		};
		871E8D3A251EF23F00CDAA60 /* Build configuration list for PBXNativeTarget "mvvm-rxswiftTests" */ = {
			isa = XCConfigurationList;
			buildConfigurations = (
				871E8D3B251EF23F00CDAA60 /* Debug */,
				871E8D3C251EF23F00CDAA60 /* Release */,
			);
			defaultConfigurationIsVisible = 0;
			defaultConfigurationName = Release;
		};
		871E8D3D251EF23F00CDAA60 /* Build configuration list for PBXNativeTarget "mvvm-rxswiftUITests" */ = {
			isa = XCConfigurationList;
			buildConfigurations = (
				871E8D3E251EF23F00CDAA60 /* Debug */,
				871E8D3F251EF23F00CDAA60 /* Release */,
			);
			defaultConfigurationIsVisible = 0;
			defaultConfigurationName = Release;
		};
/* End XCConfigurationList section */
	};
	rootObject = 871E8D05251EF23E00CDAA60 /* Project object */;
}
